
Microsoft Visual Studio Solution File, Format Version 12.00
# Visual Studio Version 16
VisualStudioVersion = 16.0.30611.23
MinimumVisualStudioVersion = 10.0.40219.1
Project("{8BC9CEB8-8B4A-11D0-8D11-00A0C91BC942}") = "Chapter14-01", "Chapter14-01\Chapter14-01.vcxproj", "{AE6DCD77-4C7C-465C-B137-D98B4EAA277B}"
EndProject
Project("{8BC9CEB8-8B4A-11D0-8D11-00A0C91BC942}") = "Chapter14-02", "Chapter14-02\Chapter14-02.vcxproj", "{E3D04B92-273E-46F4-B3D9-55DA5503052F}"
EndProject
Project("{8BC9CEB8-8B4A-11D0-8D11-00A0C91BC942}") = "Chapter14-03", "Chapter14-03\Chapter14-03.vcxproj", "{A176C9EF-12ED-4467-97D0-F65EFF57B95B}"
EndProject
Project("{8BC9CEB8-8B4A-11D0-8D11-00A0C91BC942}") = "Chapter14-04", "Chapter14-04\Chapter14-04.vcxproj", "{452415C7-5E3F-447A-A22F-BABFF4007AEA}"
EndProject
Project("{8BC9CEB8-8B4A-11D0-8D11-00A0C91BC942}") = "Chapter14-05", "Chapter14-05\Chapter14-05.vcxproj", "{B64402F5-763D-4139-8C93-C8C4A2F882A4}"
EndProject
Global
	GlobalSection(SolutionConfigurationPlatforms) = preSolution
		Debug|x64 = Debug|x64
		Debug|x86 = Debug|x86
		Release|x64 = Release|x64
		Release|x86 = Release|x86
	EndGlobalSection
	GlobalSection(ProjectConfigurationPlatforms) = postSolution
		{AE6DCD77-4C7C-465C-B137-D98B4EAA277B}.Debug|x64.ActiveCfg = Debug|x64
		{AE6DCD77-4C7C-465C-B137-D98B4EAA277B}.Debug|x64.Build.0 = Debug|x64
		{AE6DCD77-4C7C-465C-B137-D98B4EAA277B}.Debug|x86.ActiveCfg = Debug|Win32
		{AE6DCD77-4C7C-465C-B137-D98B4EAA277B}.Debug|x86.Build.0 = Debug|Win32
		{AE6DCD77-4C7C-465C-B137-D98B4EAA277B}.Release|x64.ActiveCfg = Release|x64
		{AE6DCD77-4C7C-465C-B137-D98B4EAA277B}.Release|x64.Build.0 = Release|x64
		{AE6DCD77-4C7C-465C-B137-D98B4EAA277B}.Release|x86.ActiveCfg = Release|Win32
		{AE6DCD77-4C7C-465C-B137-D98B4EAA277B}.Release|x86.Build.0 = Release|Win32
		{E3D04B92-273E-46F4-B3D9-55DA5503052F}.Debug|x64.ActiveCfg = Debug|x64
		{E3D04B92-273E-46F4-B3D9-55DA5503052F}.Debug|x64.Build.0 = Debug|x64
		{E3D04B92-273E-46F4-B3D9-55DA5503052F}.Debug|x86.ActiveCfg = Debug|Win32
		{E3D04B92-273E-46F4-B3D9-55DA5503052F}.Debug|x86.Build.0 = Debug|Win32
		{E3D04B92-273E-46F4-B3D9-55DA5503052F}.Release|x64.ActiveCfg = Release|x64
		{E3D04B92-273E-46F4-B3D9-55DA5503052F}.Release|x64.Build.0 = Release|x64
		{E3D04B92-273E-46F4-B3D9-55DA5503052F}.Release|x86.ActiveCfg = Release|Win32
		{E3D04B92-273E-46F4-B3D9-55DA5503052F}.Release|x86.Build.0 = Release|Win32
		{A176C9EF-12ED-4467-97D0-F65EFF57B95B}.Debug|x64.ActiveCfg = Debug|x64
		{A176C9EF-12ED-4467-97D0-F65EFF57B95B}.Debug|x64.Build.0 = Debug|x64
		{A176C9EF-12ED-4467-97D0-F65EFF57B95B}.Debug|x86.ActiveCfg = Debug|Win32
		{A176C9EF-12ED-4467-97D0-F65EFF57B95B}.Debug|x86.Build.0 = Debug|Win32
		{A176C9EF-12ED-4467-97D0-F65EFF57B95B}.Release|x64.ActiveCfg = Release|x64
		{A176C9EF-12ED-4467-97D0-F65EFF57B95B}.Release|x64.Build.0 = Release|x64
		{A176C9EF-12ED-4467-97D0-F65EFF57B95B}.Release|x86.ActiveCfg = Release|Win32
		{A176C9EF-12ED-4467-97D0-F65EFF57B95B}.Release|x86.Build.0 = Release|Win32
		{452415C7-5E3F-447A-A22F-BABFF4007AEA}.Debug|x64.ActiveCfg = Debug|x64
		{452415C7-5E3F-447A-A22F-BABFF4007AEA}.Debug|x64.Build.0 = Debug|x64
		{452415C7-5E3F-447A-A22F-BABFF4007AEA}.Debug|x86.ActiveCfg = Debug|Win32
		{452415C7-5E3F-447A-A22F-BABFF4007AEA}.Debug|x86.Build.0 = Debug|Win32
		{452415C7-5E3F-447A-A22F-BABFF4007AEA}.Release|x64.ActiveCfg = Release|x64
		{452415C7-5E3F-447A-A22F-BABFF4007AEA}.Release|x64.Build.0 = Release|x64
		{452415C7-5E3F-447A-A22F-BABFF4007AEA}.Release|x86.ActiveCfg = Release|Win32
		{452415C7-5E3F-447A-A22F-BABFF4007AEA}.Release|x86.Build.0 = Release|Win32
		{B64402F5-763D-4139-8C93-C8C4A2F882A4}.Debug|x64.ActiveCfg = Debug|x64
		{B64402F5-763D-4139-8C93-C8C4A2F882A4}.Debug|x64.Build.0 = Debug|x64
		{B64402F5-763D-4139-8C93-C8C4A2F882A4}.Debug|x86.ActiveCfg = Debug|Win32
		{B64402F5-763D-4139-8C93-C8C4A2F882A4}.Debug|x86.Build.0 = Debug|Win32
		{B64402F5-763D-4139-8C93-C8C4A2F882A4}.Release|x64.ActiveCfg = Release|x64
		{B64402F5-763D-4139-8C93-C8C4A2F882A4}.Release|x64.Build.0 = Release|x64
		{B64402F5-763D-4139-8C93-C8C4A2F882A4}.Release|x86.ActiveCfg = Release|Win32
		{B64402F5-763D-4139-8C93-C8C4A2F882A4}.Release|x86.Build.0 = Release|Win32
	EndGlobalSection
	GlobalSection(SolutionProperties) = preSolution
		HideSolutionNode = FALSE
	EndGlobalSection
	GlobalSection(ExtensibilityGlobals) = postSolution
		SolutionGuid = {528C685F-9D4B-483C-808D-2721FDF6516B}
	EndGlobalSection
EndGlobal
