
Microsoft Visual Studio Solution File, Format Version 12.00
# Visual Studio Version 16
VisualStudioVersion = 16.0.30611.23
MinimumVisualStudioVersion = 10.0.40219.1
Project("{8BC9CEB8-8B4A-11D0-8D11-00A0C91BC942}") = "Chapter18-01", "Chapter18-01\Chapter18-01.vcxproj", "{111E7D87-8DB6-4B84-9E64-DFE0E128D8A3}"
EndProject
Project("{8BC9CEB8-8B4A-11D0-8D11-00A0C91BC942}") = "Chapter18-02", "Chapter18-02\Chapter18-02.vcxproj", "{CF958592-BFC9-4546-AB9C-C0E21E069768}"
EndProject
Project("{8BC9CEB8-8B4A-11D0-8D11-00A0C91BC942}") = "Chapter18-03", "Chapter18-03\Chapter18-03.vcxproj", "{E8033CD0-7F45-4910-A4E6-4CB77889F4BC}"
EndProject
Project("{8BC9CEB8-8B4A-11D0-8D11-00A0C91BC942}") = "Chapter18-04", "Chapter18-04\Chapter18-04.vcxproj", "{E2457AE7-EEFB-4790-BA11-A14E750DB034}"
EndProject
Global
	GlobalSection(SolutionConfigurationPlatforms) = preSolution
		Debug|x64 = Debug|x64
		Debug|x86 = Debug|x86
		Release|x64 = Release|x64
		Release|x86 = Release|x86
	EndGlobalSection
	GlobalSection(ProjectConfigurationPlatforms) = postSolution
		{111E7D87-8DB6-4B84-9E64-DFE0E128D8A3}.Debug|x64.ActiveCfg = Debug|x64
		{111E7D87-8DB6-4B84-9E64-DFE0E128D8A3}.Debug|x64.Build.0 = Debug|x64
		{111E7D87-8DB6-4B84-9E64-DFE0E128D8A3}.Debug|x86.ActiveCfg = Debug|Win32
		{111E7D87-8DB6-4B84-9E64-DFE0E128D8A3}.Debug|x86.Build.0 = Debug|Win32
		{111E7D87-8DB6-4B84-9E64-DFE0E128D8A3}.Release|x64.ActiveCfg = Release|x64
		{111E7D87-8DB6-4B84-9E64-DFE0E128D8A3}.Release|x64.Build.0 = Release|x64
		{111E7D87-8DB6-4B84-9E64-DFE0E128D8A3}.Release|x86.ActiveCfg = Release|Win32
		{111E7D87-8DB6-4B84-9E64-DFE0E128D8A3}.Release|x86.Build.0 = Release|Win32
		{CF958592-BFC9-4546-AB9C-C0E21E069768}.Debug|x64.ActiveCfg = Debug|x64
		{CF958592-BFC9-4546-AB9C-C0E21E069768}.Debug|x64.Build.0 = Debug|x64
		{CF958592-BFC9-4546-AB9C-C0E21E069768}.Debug|x86.ActiveCfg = Debug|Win32
		{CF958592-BFC9-4546-AB9C-C0E21E069768}.Debug|x86.Build.0 = Debug|Win32
		{CF958592-BFC9-4546-AB9C-C0E21E069768}.Release|x64.ActiveCfg = Release|x64
		{CF958592-BFC9-4546-AB9C-C0E21E069768}.Release|x64.Build.0 = Release|x64
		{CF958592-BFC9-4546-AB9C-C0E21E069768}.Release|x86.ActiveCfg = Release|Win32
		{CF958592-BFC9-4546-AB9C-C0E21E069768}.Release|x86.Build.0 = Release|Win32
		{E8033CD0-7F45-4910-A4E6-4CB77889F4BC}.Debug|x64.ActiveCfg = Debug|x64
		{E8033CD0-7F45-4910-A4E6-4CB77889F4BC}.Debug|x64.Build.0 = Debug|x64
		{E8033CD0-7F45-4910-A4E6-4CB77889F4BC}.Debug|x86.ActiveCfg = Debug|Win32
		{E8033CD0-7F45-4910-A4E6-4CB77889F4BC}.Debug|x86.Build.0 = Debug|Win32
		{E8033CD0-7F45-4910-A4E6-4CB77889F4BC}.Release|x64.ActiveCfg = Release|x64
		{E8033CD0-7F45-4910-A4E6-4CB77889F4BC}.Release|x64.Build.0 = Release|x64
		{E8033CD0-7F45-4910-A4E6-4CB77889F4BC}.Release|x86.ActiveCfg = Release|Win32
		{E8033CD0-7F45-4910-A4E6-4CB77889F4BC}.Release|x86.Build.0 = Release|Win32
		{E2457AE7-EEFB-4790-BA11-A14E750DB034}.Debug|x64.ActiveCfg = Debug|x64
		{E2457AE7-EEFB-4790-BA11-A14E750DB034}.Debug|x64.Build.0 = Debug|x64
		{E2457AE7-EEFB-4790-BA11-A14E750DB034}.Debug|x86.ActiveCfg = Debug|Win32
		{E2457AE7-EEFB-4790-BA11-A14E750DB034}.Debug|x86.Build.0 = Debug|Win32
		{E2457AE7-EEFB-4790-BA11-A14E750DB034}.Release|x64.ActiveCfg = Release|x64
		{E2457AE7-EEFB-4790-BA11-A14E750DB034}.Release|x64.Build.0 = Release|x64
		{E2457AE7-EEFB-4790-BA11-A14E750DB034}.Release|x86.ActiveCfg = Release|Win32
		{E2457AE7-EEFB-4790-BA11-A14E750DB034}.Release|x86.Build.0 = Release|Win32
	EndGlobalSection
	GlobalSection(SolutionProperties) = preSolution
		HideSolutionNode = FALSE
	EndGlobalSection
	GlobalSection(ExtensibilityGlobals) = postSolution
		SolutionGuid = {9A659CC0-4A86-49DD-9FF1-DB17F95408C9}
	EndGlobalSection
EndGlobal
