
Microsoft Visual Studio Solution File, Format Version 12.00
# Visual Studio Version 16
VisualStudioVersion = 16.0.30611.23
MinimumVisualStudioVersion = 10.0.40219.1
Project("{8BC9CEB8-8B4A-11D0-8D11-00A0C91BC942}") = "Chapter17-01", "Chapter17-01\Chapter17-01.vcxproj", "{E84FD65B-095D-4D68-8E20-86B75A5185F4}"
EndProject
Project("{8BC9CEB8-8B4A-11D0-8D11-00A0C91BC942}") = "Chapter17-02", "Chapter17-02\Chapter17-02.vcxproj", "{5C0E025B-C343-4B3C-ADD9-58BD23908D26}"
EndProject
Project("{8BC9CEB8-8B4A-11D0-8D11-00A0C91BC942}") = "Chapter17-03", "Chapter17-03\Chapter17-03.vcxproj", "{57ED7843-CAAD-47F5-B462-43C63260BF6D}"
EndProject
Project("{8BC9CEB8-8B4A-11D0-8D11-00A0C91BC942}") = "Chapter17-04", "Chapter17-04\Chapter17-04.vcxproj", "{B9ADC513-108A-46B7-9749-31671355D2D5}"
EndProject
Global
	GlobalSection(SolutionConfigurationPlatforms) = preSolution
		Debug|x64 = Debug|x64
		Debug|x86 = Debug|x86
		Release|x64 = Release|x64
		Release|x86 = Release|x86
	EndGlobalSection
	GlobalSection(ProjectConfigurationPlatforms) = postSolution
		{E84FD65B-095D-4D68-8E20-86B75A5185F4}.Debug|x64.ActiveCfg = Debug|x64
		{E84FD65B-095D-4D68-8E20-86B75A5185F4}.Debug|x64.Build.0 = Debug|x64
		{E84FD65B-095D-4D68-8E20-86B75A5185F4}.Debug|x86.ActiveCfg = Debug|Win32
		{E84FD65B-095D-4D68-8E20-86B75A5185F4}.Debug|x86.Build.0 = Debug|Win32
		{E84FD65B-095D-4D68-8E20-86B75A5185F4}.Release|x64.ActiveCfg = Release|x64
		{E84FD65B-095D-4D68-8E20-86B75A5185F4}.Release|x64.Build.0 = Release|x64
		{E84FD65B-095D-4D68-8E20-86B75A5185F4}.Release|x86.ActiveCfg = Release|Win32
		{E84FD65B-095D-4D68-8E20-86B75A5185F4}.Release|x86.Build.0 = Release|Win32
		{5C0E025B-C343-4B3C-ADD9-58BD23908D26}.Debug|x64.ActiveCfg = Debug|x64
		{5C0E025B-C343-4B3C-ADD9-58BD23908D26}.Debug|x64.Build.0 = Debug|x64
		{5C0E025B-C343-4B3C-ADD9-58BD23908D26}.Debug|x86.ActiveCfg = Debug|Win32
		{5C0E025B-C343-4B3C-ADD9-58BD23908D26}.Debug|x86.Build.0 = Debug|Win32
		{5C0E025B-C343-4B3C-ADD9-58BD23908D26}.Release|x64.ActiveCfg = Release|x64
		{5C0E025B-C343-4B3C-ADD9-58BD23908D26}.Release|x64.Build.0 = Release|x64
		{5C0E025B-C343-4B3C-ADD9-58BD23908D26}.Release|x86.ActiveCfg = Release|Win32
		{5C0E025B-C343-4B3C-ADD9-58BD23908D26}.Release|x86.Build.0 = Release|Win32
		{57ED7843-CAAD-47F5-B462-43C63260BF6D}.Debug|x64.ActiveCfg = Debug|x64
		{57ED7843-CAAD-47F5-B462-43C63260BF6D}.Debug|x64.Build.0 = Debug|x64
		{57ED7843-CAAD-47F5-B462-43C63260BF6D}.Debug|x86.ActiveCfg = Debug|Win32
		{57ED7843-CAAD-47F5-B462-43C63260BF6D}.Debug|x86.Build.0 = Debug|Win32
		{57ED7843-CAAD-47F5-B462-43C63260BF6D}.Release|x64.ActiveCfg = Release|x64
		{57ED7843-CAAD-47F5-B462-43C63260BF6D}.Release|x64.Build.0 = Release|x64
		{57ED7843-CAAD-47F5-B462-43C63260BF6D}.Release|x86.ActiveCfg = Release|Win32
		{57ED7843-CAAD-47F5-B462-43C63260BF6D}.Release|x86.Build.0 = Release|Win32
		{B9ADC513-108A-46B7-9749-31671355D2D5}.Debug|x64.ActiveCfg = Debug|x64
		{B9ADC513-108A-46B7-9749-31671355D2D5}.Debug|x64.Build.0 = Debug|x64
		{B9ADC513-108A-46B7-9749-31671355D2D5}.Debug|x86.ActiveCfg = Debug|Win32
		{B9ADC513-108A-46B7-9749-31671355D2D5}.Debug|x86.Build.0 = Debug|Win32
		{B9ADC513-108A-46B7-9749-31671355D2D5}.Release|x64.ActiveCfg = Release|x64
		{B9ADC513-108A-46B7-9749-31671355D2D5}.Release|x64.Build.0 = Release|x64
		{B9ADC513-108A-46B7-9749-31671355D2D5}.Release|x86.ActiveCfg = Release|Win32
		{B9ADC513-108A-46B7-9749-31671355D2D5}.Release|x86.Build.0 = Release|Win32
	EndGlobalSection
	GlobalSection(SolutionProperties) = preSolution
		HideSolutionNode = FALSE
	EndGlobalSection
	GlobalSection(ExtensibilityGlobals) = postSolution
		SolutionGuid = {0FFBF7C7-17A8-4234-85BA-4D0C8D601CD1}
	EndGlobalSection
EndGlobal
