
Microsoft Visual Studio Solution File, Format Version 12.00
# Visual Studio Version 16
VisualStudioVersion = 16.0.30611.23
MinimumVisualStudioVersion = 10.0.40219.1
Project("{8BC9CEB8-8B4A-11D0-8D11-00A0C91BC942}") = "Chapter11-1", "Chapter11-1\Chapter11-1.vcxproj", "{E912691A-AA2C-48E3-8779-9B5BC324AD2F}"
EndProject
Project("{8BC9CEB8-8B4A-11D0-8D11-00A0C91BC942}") = "Chapter11-2", "Chapter11-2\Chapter11-2.vcxproj", "{04446321-0453-4474-A760-394072343712}"
EndProject
Project("{8BC9CEB8-8B4A-11D0-8D11-00A0C91BC942}") = "Chapter11-3", "Chapter11-3\Chapter11-3.vcxproj", "{51FC469C-3A3F-4EBE-833D-CBCAE5597FA0}"
EndProject
Project("{8BC9CEB8-8B4A-11D0-8D11-00A0C91BC942}") = "Chapter11-4", "Chapter11-4\Chapter11-4.vcxproj", "{6D088AE9-734F-47BB-8AAB-43B056B70335}"
EndProject
Project("{8BC9CEB8-8B4A-11D0-8D11-00A0C91BC942}") = "Chapter11-5", "Chapter11-5\Chapter11-5.vcxproj", "{32BC4A24-72EF-4760-BFFA-0EACD8BA1D68}"
EndProject
Project("{8BC9CEB8-8B4A-11D0-8D11-00A0C91BC942}") = "Chapter11-6", "Chapter11-6\Chapter11-6.vcxproj", "{35395BF5-9189-4A84-9965-F0191D6E59BB}"
EndProject
Project("{8BC9CEB8-8B4A-11D0-8D11-00A0C91BC942}") = "Chapter11-7", "Chapter11-7_01\Chapter11-7_01.vcxproj", "{EDDC344A-8C35-4DDB-9DDA-D5A3BEC6421A}"
EndProject
Project("{8BC9CEB8-8B4A-11D0-8D11-00A0C91BC942}") = "Chapter11-8", "Chapter11-8\Chapter11-8.vcxproj", "{F696829B-B89E-4512-8DCF-87C03D5DFCD7}"
EndProject
Project("{8BC9CEB8-8B4A-11D0-8D11-00A0C91BC942}") = "Chapter11-9", "Chapter11-9\Chapter11-9.vcxproj", "{BF1EC0EE-9DDB-4514-BAF2-D4084B14E609}"
EndProject
Global
	GlobalSection(SolutionConfigurationPlatforms) = preSolution
		Debug|x64 = Debug|x64
		Debug|x86 = Debug|x86
		Release|x64 = Release|x64
		Release|x86 = Release|x86
	EndGlobalSection
	GlobalSection(ProjectConfigurationPlatforms) = postSolution
		{E912691A-AA2C-48E3-8779-9B5BC324AD2F}.Debug|x64.ActiveCfg = Debug|x64
		{E912691A-AA2C-48E3-8779-9B5BC324AD2F}.Debug|x64.Build.0 = Debug|x64
		{E912691A-AA2C-48E3-8779-9B5BC324AD2F}.Debug|x86.ActiveCfg = Debug|Win32
		{E912691A-AA2C-48E3-8779-9B5BC324AD2F}.Debug|x86.Build.0 = Debug|Win32
		{E912691A-AA2C-48E3-8779-9B5BC324AD2F}.Release|x64.ActiveCfg = Release|x64
		{E912691A-AA2C-48E3-8779-9B5BC324AD2F}.Release|x64.Build.0 = Release|x64
		{E912691A-AA2C-48E3-8779-9B5BC324AD2F}.Release|x86.ActiveCfg = Release|Win32
		{E912691A-AA2C-48E3-8779-9B5BC324AD2F}.Release|x86.Build.0 = Release|Win32
		{04446321-0453-4474-A760-394072343712}.Debug|x64.ActiveCfg = Debug|x64
		{04446321-0453-4474-A760-394072343712}.Debug|x64.Build.0 = Debug|x64
		{04446321-0453-4474-A760-394072343712}.Debug|x86.ActiveCfg = Debug|Win32
		{04446321-0453-4474-A760-394072343712}.Debug|x86.Build.0 = Debug|Win32
		{04446321-0453-4474-A760-394072343712}.Release|x64.ActiveCfg = Release|x64
		{04446321-0453-4474-A760-394072343712}.Release|x64.Build.0 = Release|x64
		{04446321-0453-4474-A760-394072343712}.Release|x86.ActiveCfg = Release|Win32
		{04446321-0453-4474-A760-394072343712}.Release|x86.Build.0 = Release|Win32
		{51FC469C-3A3F-4EBE-833D-CBCAE5597FA0}.Debug|x64.ActiveCfg = Debug|x64
		{51FC469C-3A3F-4EBE-833D-CBCAE5597FA0}.Debug|x64.Build.0 = Debug|x64
		{51FC469C-3A3F-4EBE-833D-CBCAE5597FA0}.Debug|x86.ActiveCfg = Debug|Win32
		{51FC469C-3A3F-4EBE-833D-CBCAE5597FA0}.Debug|x86.Build.0 = Debug|Win32
		{51FC469C-3A3F-4EBE-833D-CBCAE5597FA0}.Release|x64.ActiveCfg = Release|x64
		{51FC469C-3A3F-4EBE-833D-CBCAE5597FA0}.Release|x64.Build.0 = Release|x64
		{51FC469C-3A3F-4EBE-833D-CBCAE5597FA0}.Release|x86.ActiveCfg = Release|Win32
		{51FC469C-3A3F-4EBE-833D-CBCAE5597FA0}.Release|x86.Build.0 = Release|Win32
		{6D088AE9-734F-47BB-8AAB-43B056B70335}.Debug|x64.ActiveCfg = Debug|x64
		{6D088AE9-734F-47BB-8AAB-43B056B70335}.Debug|x64.Build.0 = Debug|x64
		{6D088AE9-734F-47BB-8AAB-43B056B70335}.Debug|x86.ActiveCfg = Debug|Win32
		{6D088AE9-734F-47BB-8AAB-43B056B70335}.Debug|x86.Build.0 = Debug|Win32
		{6D088AE9-734F-47BB-8AAB-43B056B70335}.Release|x64.ActiveCfg = Release|x64
		{6D088AE9-734F-47BB-8AAB-43B056B70335}.Release|x64.Build.0 = Release|x64
		{6D088AE9-734F-47BB-8AAB-43B056B70335}.Release|x86.ActiveCfg = Release|Win32
		{6D088AE9-734F-47BB-8AAB-43B056B70335}.Release|x86.Build.0 = Release|Win32
		{32BC4A24-72EF-4760-BFFA-0EACD8BA1D68}.Debug|x64.ActiveCfg = Debug|x64
		{32BC4A24-72EF-4760-BFFA-0EACD8BA1D68}.Debug|x64.Build.0 = Debug|x64
		{32BC4A24-72EF-4760-BFFA-0EACD8BA1D68}.Debug|x86.ActiveCfg = Debug|Win32
		{32BC4A24-72EF-4760-BFFA-0EACD8BA1D68}.Debug|x86.Build.0 = Debug|Win32
		{32BC4A24-72EF-4760-BFFA-0EACD8BA1D68}.Release|x64.ActiveCfg = Release|x64
		{32BC4A24-72EF-4760-BFFA-0EACD8BA1D68}.Release|x64.Build.0 = Release|x64
		{32BC4A24-72EF-4760-BFFA-0EACD8BA1D68}.Release|x86.ActiveCfg = Release|Win32
		{32BC4A24-72EF-4760-BFFA-0EACD8BA1D68}.Release|x86.Build.0 = Release|Win32
		{35395BF5-9189-4A84-9965-F0191D6E59BB}.Debug|x64.ActiveCfg = Debug|x64
		{35395BF5-9189-4A84-9965-F0191D6E59BB}.Debug|x64.Build.0 = Debug|x64
		{35395BF5-9189-4A84-9965-F0191D6E59BB}.Debug|x86.ActiveCfg = Debug|Win32
		{35395BF5-9189-4A84-9965-F0191D6E59BB}.Debug|x86.Build.0 = Debug|Win32
		{35395BF5-9189-4A84-9965-F0191D6E59BB}.Release|x64.ActiveCfg = Release|x64
		{35395BF5-9189-4A84-9965-F0191D6E59BB}.Release|x64.Build.0 = Release|x64
		{35395BF5-9189-4A84-9965-F0191D6E59BB}.Release|x86.ActiveCfg = Release|Win32
		{35395BF5-9189-4A84-9965-F0191D6E59BB}.Release|x86.Build.0 = Release|Win32
		{EDDC344A-8C35-4DDB-9DDA-D5A3BEC6421A}.Debug|x64.ActiveCfg = Debug|x64
		{EDDC344A-8C35-4DDB-9DDA-D5A3BEC6421A}.Debug|x64.Build.0 = Debug|x64
		{EDDC344A-8C35-4DDB-9DDA-D5A3BEC6421A}.Debug|x86.ActiveCfg = Debug|Win32
		{EDDC344A-8C35-4DDB-9DDA-D5A3BEC6421A}.Debug|x86.Build.0 = Debug|Win32
		{EDDC344A-8C35-4DDB-9DDA-D5A3BEC6421A}.Release|x64.ActiveCfg = Release|x64
		{EDDC344A-8C35-4DDB-9DDA-D5A3BEC6421A}.Release|x64.Build.0 = Release|x64
		{EDDC344A-8C35-4DDB-9DDA-D5A3BEC6421A}.Release|x86.ActiveCfg = Release|Win32
		{EDDC344A-8C35-4DDB-9DDA-D5A3BEC6421A}.Release|x86.Build.0 = Release|Win32
		{F696829B-B89E-4512-8DCF-87C03D5DFCD7}.Debug|x64.ActiveCfg = Debug|x64
		{F696829B-B89E-4512-8DCF-87C03D5DFCD7}.Debug|x64.Build.0 = Debug|x64
		{F696829B-B89E-4512-8DCF-87C03D5DFCD7}.Debug|x86.ActiveCfg = Debug|Win32
		{F696829B-B89E-4512-8DCF-87C03D5DFCD7}.Debug|x86.Build.0 = Debug|Win32
		{F696829B-B89E-4512-8DCF-87C03D5DFCD7}.Release|x64.ActiveCfg = Release|x64
		{F696829B-B89E-4512-8DCF-87C03D5DFCD7}.Release|x64.Build.0 = Release|x64
		{F696829B-B89E-4512-8DCF-87C03D5DFCD7}.Release|x86.ActiveCfg = Release|Win32
		{F696829B-B89E-4512-8DCF-87C03D5DFCD7}.Release|x86.Build.0 = Release|Win32
		{BF1EC0EE-9DDB-4514-BAF2-D4084B14E609}.Debug|x64.ActiveCfg = Debug|x64
		{BF1EC0EE-9DDB-4514-BAF2-D4084B14E609}.Debug|x64.Build.0 = Debug|x64
		{BF1EC0EE-9DDB-4514-BAF2-D4084B14E609}.Debug|x86.ActiveCfg = Debug|Win32
		{BF1EC0EE-9DDB-4514-BAF2-D4084B14E609}.Debug|x86.Build.0 = Debug|Win32
		{BF1EC0EE-9DDB-4514-BAF2-D4084B14E609}.Release|x64.ActiveCfg = Release|x64
		{BF1EC0EE-9DDB-4514-BAF2-D4084B14E609}.Release|x64.Build.0 = Release|x64
		{BF1EC0EE-9DDB-4514-BAF2-D4084B14E609}.Release|x86.ActiveCfg = Release|Win32
		{BF1EC0EE-9DDB-4514-BAF2-D4084B14E609}.Release|x86.Build.0 = Release|Win32
	EndGlobalSection
	GlobalSection(SolutionProperties) = preSolution
		HideSolutionNode = FALSE
	EndGlobalSection
	GlobalSection(ExtensibilityGlobals) = postSolution
		SolutionGuid = {DDFDB7DD-0ACA-44A6-9248-7187F15A182A}
	EndGlobalSection
EndGlobal
